
Microsoft Visual Studio Solution File, Format Version 12.00
# Visual Studio Version 16
VisualStudioVersion = 16.0.31229.75
MinimumVisualStudioVersion = 10.0.40219.1
Project("{9A19103F-16F7-4668-BE54-9A1E7A4F7556}") = "Front", "Front\Front.csproj", "{F4451E2E-FA5E-4DBC-90EC-74FFD3988BF6}"
EndProject
Project("{9A19103F-16F7-4668-BE54-9A1E7A4F7556}") = "Middle", "Middle\Middle.csproj", "{66D46218-C6E8-4A1B-ABB8-0587F490C91A}"
EndProject
Project("{9A19103F-16F7-4668-BE54-9A1E7A4F7556}") = "Back", "Back\Back.csproj", "{2CEDFCB4-4E1B-4D9F-B039-45363201F28B}"
EndProject
Project("{E53339B2-1760-4266-BCC7-CA923CBCF16C}") = "docker-compose", "docker-compose.dcproj", "{78952BF8-EB99-4893-A753-4F1AE2920960}"
EndProject
Project("{FAE04EC0-301F-11D3-BF4B-00C04F79EFBC}") = "Common", "Tools\Common.csproj", "{6D194BA3-C429-4262-81D6-C2167B720D8B}"
EndProject
Global
	GlobalSection(SolutionConfigurationPlatforms) = preSolution
		Debug|Any CPU = Debug|Any CPU
		Release|Any CPU = Release|Any CPU
	EndGlobalSection
	GlobalSection(ProjectConfigurationPlatforms) = postSolution
		{F4451E2E-FA5E-4DBC-90EC-74FFD3988BF6}.Debug|Any CPU.ActiveCfg = Debug|Any CPU
		{F4451E2E-FA5E-4DBC-90EC-74FFD3988BF6}.Debug|Any CPU.Build.0 = Debug|Any CPU
		{F4451E2E-FA5E-4DBC-90EC-74FFD3988BF6}.Release|Any CPU.ActiveCfg = Release|Any CPU
		{F4451E2E-FA5E-4DBC-90EC-74FFD3988BF6}.Release|Any CPU.Build.0 = Release|Any CPU
		{66D46218-C6E8-4A1B-ABB8-0587F490C91A}.Debug|Any CPU.ActiveCfg = Debug|Any CPU
		{66D46218-C6E8-4A1B-ABB8-0587F490C91A}.Debug|Any CPU.Build.0 = Debug|Any CPU
		{66D46218-C6E8-4A1B-ABB8-0587F490C91A}.Release|Any CPU.ActiveCfg = Release|Any CPU
		{66D46218-C6E8-4A1B-ABB8-0587F490C91A}.Release|Any CPU.Build.0 = Release|Any CPU
		{2CEDFCB4-4E1B-4D9F-B039-45363201F28B}.Debug|Any CPU.ActiveCfg = Debug|Any CPU
		{2CEDFCB4-4E1B-4D9F-B039-45363201F28B}.Debug|Any CPU.Build.0 = Debug|Any CPU
		{2CEDFCB4-4E1B-4D9F-B039-45363201F28B}.Release|Any CPU.ActiveCfg = Release|Any CPU
		{2CEDFCB4-4E1B-4D9F-B039-45363201F28B}.Release|Any CPU.Build.0 = Release|Any CPU
		{78952BF8-EB99-4893-A753-4F1AE2920960}.Debug|Any CPU.ActiveCfg = Debug|Any CPU
		{78952BF8-EB99-4893-A753-4F1AE2920960}.Debug|Any CPU.Build.0 = Debug|Any CPU
		{78952BF8-EB99-4893-A753-4F1AE2920960}.Release|Any CPU.ActiveCfg = Release|Any CPU
		{78952BF8-EB99-4893-A753-4F1AE2920960}.Release|Any CPU.Build.0 = Release|Any CPU
		{6D194BA3-C429-4262-81D6-C2167B720D8B}.Debug|Any CPU.ActiveCfg = Debug|Any CPU
		{6D194BA3-C429-4262-81D6-C2167B720D8B}.Debug|Any CPU.Build.0 = Debug|Any CPU
		{6D194BA3-C429-4262-81D6-C2167B720D8B}.Release|Any CPU.ActiveCfg = Release|Any CPU
		{6D194BA3-C429-4262-81D6-C2167B720D8B}.Release|Any CPU.Build.0 = Release|Any CPU
	EndGlobalSection
	GlobalSection(SolutionProperties) = preSolution
		HideSolutionNode = FALSE
	EndGlobalSection
	GlobalSection(ExtensibilityGlobals) = postSolution
		SolutionGuid = {1DFFCE0B-05DC-49B2-B30C-22E51FC42977}
	EndGlobalSection
EndGlobal
